
Microsoft Visual Studio Solution File, Format Version 12.00
# Visual Studio Version 17
VisualStudioVersion = 17.3.32819.101
MinimumVisualStudioVersion = 10.0.40219.1
Project("{FAE04EC0-301F-11D3-BF4B-00C04F79EFBC}") = "BAI_1_0_LamQuenVoiCsharp", "BAI_1_0_LamQuenVoiCsharp\BAI_1_0_LamQuenVoiCsharp.csproj", "{E6FB922E-877A-4AEA-B776-B7507D26A0E7}"
EndProject
Project("{FAE04EC0-301F-11D3-BF4B-00C04F79EFBC}") = "BAI_1_1_BienLaGi", "BAI_1_1_BienLaGi\BAI_1_1_BienLaGi.csproj", "{A130787E-6054-4455-933E-49706BD485C8}"
EndProject
Project("{FAE04EC0-301F-11D3-BF4B-00C04F79EFBC}") = "BAI_1_2_NhapXuat", "BAI_1_2_NhapXuat\BAI_1_2_NhapXuat.csproj", "{C3331C7B-1C39-468A-ACE6-11D58D03EDAA}"
EndProject
Project("{FAE04EC0-301F-11D3-BF4B-00C04F79EFBC}") = "BAI_1_3_EpKieu", "BAI_1_3_EpKieu\BAI_1_3_EpKieu.csproj", "{FA1F8534-A238-4B0E-AF87-F5B554E0E05C}"
EndProject
Project("{FAE04EC0-301F-11D3-BF4B-00C04F79EFBC}") = "BAI_1_4_ToanTuTrongLapTrinh", "BAI_1_4_ToanTuTrongLapTrinh\BAI_1_4_ToanTuTrongLapTrinh.csproj", "{C2B7245E-AFC8-46AD-811F-36CA94D9A95B}"
EndProject
Project("{FAE04EC0-301F-11D3-BF4B-00C04F79EFBC}") = "BAI_1_5_CauLenhReNhanh", "BAI_1_5_CauLenhReNhanh\BAI_1_5_CauLenhReNhanh.csproj", "{26C36F58-FF3B-4F75-834A-FBF490177C22}"
EndProject
Project("{FAE04EC0-301F-11D3-BF4B-00C04F79EFBC}") = "BAI_1_6_Switch_Case", "BAI_1_6_Switch_Case\BAI_1_6_Switch_Case.csproj", "{93E24AEC-3C17-45BC-94E6-700DE729F672}"
EndProject
Project("{FAE04EC0-301F-11D3-BF4B-00C04F79EFBC}") = "BAI_1_6_ToanTuBaNgoi", "BAI_1_6_ToanTuBaNgoi\BAI_1_6_ToanTuBaNgoi.csproj", "{2189AF09-EF94-42CE-8427-5B03E785104B}"
EndProject
Project("{FAE04EC0-301F-11D3-BF4B-00C04F79EFBC}") = "BAI_1_8_VongLap", "BAI_1_8_VongLap\BAI_1_8_VongLap.csproj", "{68E2EDE3-B8DF-4D13-8D6D-431EFA43ECBF}"
EndProject
Project("{FAE04EC0-301F-11D3-BF4B-00C04F79EFBC}") = "BAI_1_9_FOREACH", "BAI_1_9_FOREACH\BAI_1_9_FOREACH.csproj", "{2EA188B9-4775-4221-8003-5AEC40831069}"
EndProject
Project("{FAE04EC0-301F-11D3-BF4B-00C04F79EFBC}") = "BAI_2_0_Array", "BAI_2_0_Array\BAI_2_0_Array.csproj", "{1B23C4E1-9235-4B6E-A223-73F045E1A0FF}"
EndProject
Project("{FAE04EC0-301F-11D3-BF4B-00C04F79EFBC}") = "BAI_TAP_MAU_ARRAY", "BAI_TAP_MAU_ARRAY\BAI_TAP_MAU_ARRAY.csproj", "{6DF434CA-7D92-4A8C-B5C8-79E70A7D2735}"
EndProject
Project("{FAE04EC0-301F-11D3-BF4B-00C04F79EFBC}") = "BAI_TAP_MAU_CHUALAB1234", "BAI_TAP_MAU_CHUALAB1234\BAI_TAP_MAU_CHUALAB1234.csproj", "{8B267EED-5EFF-4ED7-8D34-BB32E2F67941}"
EndProject
Project("{FAE04EC0-301F-11D3-BF4B-00C04F79EFBC}") = "BAI_2_1_OOP", "BAI_2_1_OOP\BAI_2_1_OOP.csproj", "{214C0B1A-420C-45A7-AAD4-307963402A94}"
EndProject
Global
	GlobalSection(SolutionConfigurationPlatforms) = preSolution
		Debug|Any CPU = Debug|Any CPU
		Release|Any CPU = Release|Any CPU
	EndGlobalSection
	GlobalSection(ProjectConfigurationPlatforms) = postSolution
		{E6FB922E-877A-4AEA-B776-B7507D26A0E7}.Debug|Any CPU.ActiveCfg = Debug|Any CPU
		{E6FB922E-877A-4AEA-B776-B7507D26A0E7}.Debug|Any CPU.Build.0 = Debug|Any CPU
		{E6FB922E-877A-4AEA-B776-B7507D26A0E7}.Release|Any CPU.ActiveCfg = Release|Any CPU
		{E6FB922E-877A-4AEA-B776-B7507D26A0E7}.Release|Any CPU.Build.0 = Release|Any CPU
		{A130787E-6054-4455-933E-49706BD485C8}.Debug|Any CPU.ActiveCfg = Debug|Any CPU
		{A130787E-6054-4455-933E-49706BD485C8}.Debug|Any CPU.Build.0 = Debug|Any CPU
		{A130787E-6054-4455-933E-49706BD485C8}.Release|Any CPU.ActiveCfg = Release|Any CPU
		{A130787E-6054-4455-933E-49706BD485C8}.Release|Any CPU.Build.0 = Release|Any CPU
		{C3331C7B-1C39-468A-ACE6-11D58D03EDAA}.Debug|Any CPU.ActiveCfg = Debug|Any CPU
		{C3331C7B-1C39-468A-ACE6-11D58D03EDAA}.Debug|Any CPU.Build.0 = Debug|Any CPU
		{C3331C7B-1C39-468A-ACE6-11D58D03EDAA}.Release|Any CPU.ActiveCfg = Release|Any CPU
		{C3331C7B-1C39-468A-ACE6-11D58D03EDAA}.Release|Any CPU.Build.0 = Release|Any CPU
		{FA1F8534-A238-4B0E-AF87-F5B554E0E05C}.Debug|Any CPU.ActiveCfg = Debug|Any CPU
		{FA1F8534-A238-4B0E-AF87-F5B554E0E05C}.Debug|Any CPU.Build.0 = Debug|Any CPU
		{FA1F8534-A238-4B0E-AF87-F5B554E0E05C}.Release|Any CPU.ActiveCfg = Release|Any CPU
		{FA1F8534-A238-4B0E-AF87-F5B554E0E05C}.Release|Any CPU.Build.0 = Release|Any CPU
		{C2B7245E-AFC8-46AD-811F-36CA94D9A95B}.Debug|Any CPU.ActiveCfg = Debug|Any CPU
		{C2B7245E-AFC8-46AD-811F-36CA94D9A95B}.Debug|Any CPU.Build.0 = Debug|Any CPU
		{C2B7245E-AFC8-46AD-811F-36CA94D9A95B}.Release|Any CPU.ActiveCfg = Release|Any CPU
		{C2B7245E-AFC8-46AD-811F-36CA94D9A95B}.Release|Any CPU.Build.0 = Release|Any CPU
		{26C36F58-FF3B-4F75-834A-FBF490177C22}.Debug|Any CPU.ActiveCfg = Debug|Any CPU
		{26C36F58-FF3B-4F75-834A-FBF490177C22}.Debug|Any CPU.Build.0 = Debug|Any CPU
		{26C36F58-FF3B-4F75-834A-FBF490177C22}.Release|Any CPU.ActiveCfg = Release|Any CPU
		{26C36F58-FF3B-4F75-834A-FBF490177C22}.Release|Any CPU.Build.0 = Release|Any CPU
		{93E24AEC-3C17-45BC-94E6-700DE729F672}.Debug|Any CPU.ActiveCfg = Debug|Any CPU
		{93E24AEC-3C17-45BC-94E6-700DE729F672}.Debug|Any CPU.Build.0 = Debug|Any CPU
		{93E24AEC-3C17-45BC-94E6-700DE729F672}.Release|Any CPU.ActiveCfg = Release|Any CPU
		{93E24AEC-3C17-45BC-94E6-700DE729F672}.Release|Any CPU.Build.0 = Release|Any CPU
		{2189AF09-EF94-42CE-8427-5B03E785104B}.Debug|Any CPU.ActiveCfg = Debug|Any CPU
		{2189AF09-EF94-42CE-8427-5B03E785104B}.Debug|Any CPU.Build.0 = Debug|Any CPU
		{2189AF09-EF94-42CE-8427-5B03E785104B}.Release|Any CPU.ActiveCfg = Release|Any CPU
		{2189AF09-EF94-42CE-8427-5B03E785104B}.Release|Any CPU.Build.0 = Release|Any CPU
		{68E2EDE3-B8DF-4D13-8D6D-431EFA43ECBF}.Debug|Any CPU.ActiveCfg = Debug|Any CPU
		{68E2EDE3-B8DF-4D13-8D6D-431EFA43ECBF}.Debug|Any CPU.Build.0 = Debug|Any CPU
		{68E2EDE3-B8DF-4D13-8D6D-431EFA43ECBF}.Release|Any CPU.ActiveCfg = Release|Any CPU
		{68E2EDE3-B8DF-4D13-8D6D-431EFA43ECBF}.Release|Any CPU.Build.0 = Release|Any CPU
		{2EA188B9-4775-4221-8003-5AEC40831069}.Debug|Any CPU.ActiveCfg = Debug|Any CPU
		{2EA188B9-4775-4221-8003-5AEC40831069}.Debug|Any CPU.Build.0 = Debug|Any CPU
		{2EA188B9-4775-4221-8003-5AEC40831069}.Release|Any CPU.ActiveCfg = Release|Any CPU
		{2EA188B9-4775-4221-8003-5AEC40831069}.Release|Any CPU.Build.0 = Release|Any CPU
		{1B23C4E1-9235-4B6E-A223-73F045E1A0FF}.Debug|Any CPU.ActiveCfg = Debug|Any CPU
		{1B23C4E1-9235-4B6E-A223-73F045E1A0FF}.Debug|Any CPU.Build.0 = Debug|Any CPU
		{1B23C4E1-9235-4B6E-A223-73F045E1A0FF}.Release|Any CPU.ActiveCfg = Release|Any CPU
		{1B23C4E1-9235-4B6E-A223-73F045E1A0FF}.Release|Any CPU.Build.0 = Release|Any CPU
		{6DF434CA-7D92-4A8C-B5C8-79E70A7D2735}.Debug|Any CPU.ActiveCfg = Debug|Any CPU
		{6DF434CA-7D92-4A8C-B5C8-79E70A7D2735}.Debug|Any CPU.Build.0 = Debug|Any CPU
		{6DF434CA-7D92-4A8C-B5C8-79E70A7D2735}.Release|Any CPU.ActiveCfg = Release|Any CPU
		{6DF434CA-7D92-4A8C-B5C8-79E70A7D2735}.Release|Any CPU.Build.0 = Release|Any CPU
		{8B267EED-5EFF-4ED7-8D34-BB32E2F67941}.Debug|Any CPU.ActiveCfg = Debug|Any CPU
		{8B267EED-5EFF-4ED7-8D34-BB32E2F67941}.Debug|Any CPU.Build.0 = Debug|Any CPU
		{8B267EED-5EFF-4ED7-8D34-BB32E2F67941}.Release|Any CPU.ActiveCfg = Release|Any CPU
		{8B267EED-5EFF-4ED7-8D34-BB32E2F67941}.Release|Any CPU.Build.0 = Release|Any CPU
		{214C0B1A-420C-45A7-AAD4-307963402A94}.Debug|Any CPU.ActiveCfg = Debug|Any CPU
		{214C0B1A-420C-45A7-AAD4-307963402A94}.Debug|Any CPU.Build.0 = Debug|Any CPU
		{214C0B1A-420C-45A7-AAD4-307963402A94}.Release|Any CPU.ActiveCfg = Release|Any CPU
		{214C0B1A-420C-45A7-AAD4-307963402A94}.Release|Any CPU.Build.0 = Release|Any CPU
	EndGlobalSection
	GlobalSection(SolutionProperties) = preSolution
		HideSolutionNode = FALSE
	EndGlobalSection
	GlobalSection(ExtensibilityGlobals) = postSolution
		SolutionGuid = {199BEB2B-BE83-4905-A8D3-D1849647AA70}
	EndGlobalSection
EndGlobal
